{
  "originHash" : "d0839c429a307749b608755a8c4e5b8511e75f6500e3fb31942cfa1e2dd312f2",
  "pins" : [
    {
      "identity" : "generative-ai-swift",
      "kind" : "remoteSourceControl",
      "location" : "https://github.com/google-gemini/generative-ai-swift",
      "state" : {
        "revision" : "44b8ce120425f9cf53ca756f3434ca2c2696f8bd",
        "version" : "0.5.6"
      }
    },
    {
      "identity" : "openai",
      "kind" : "remoteSourceControl",
      "location" : "https://github.com/MacPaw/OpenAI.git",
      "state" : {
        "revision" : "1a7a5bae571b5ff096c8b2c1062577248214f52e",
        "version" : "0.3.7"
      }
    }
  ],
  "version" : 3
}
